
Microsoft Visual Studio Solution File, Format Version 12.00
# Visual Studio Version 17
VisualStudioVersion = 17.12.35527.113 d17.12
MinimumVisualStudioVersion = 10.0.40219.1
Project("{2150E333-8FDC-42A3-9474-1A3956D46DE8}") = "Example", "Example", "{488FC045-3CD9-4495-8280-7BB7539E7A21}"
EndProject
Project("{39E2626F-3545-4960-A6E8-258AD8476CE5}") = "Example.Packaging", "Example\Example.Packaging\Example.Packaging.androidproj", "{8D55F27C-5F8A-40BF-A4AC-BC67D4E3D1FA}"
	ProjectSection(ProjectDependencies) = postProject
		{726CBA86-E511-4233-9213-5D2621B67708} = {726CBA86-E511-4233-9213-5D2621B67708}
	EndProjectSection
EndProject
Project("{8BC9CEB8-8B4A-11D0-8D11-00A0C91BC942}") = "Example.NativeActivity", "Example\Example.NativeActivity\Example.NativeActivity.vcxproj", "{59FE5D3E-FC4B-498A-BB13-F0FAFE91F626}"
EndProject
Project("{8BC9CEB8-8B4A-11D0-8D11-00A0C91BC942}") = "BuildAll", "BuildAll\BuildAll.vcxproj", "{7B1BFF19-5CE5-42A7-8BE6-B241BE9B152E}"
	ProjectSection(ProjectDependencies) = postProject
		{8D55F27C-5F8A-40BF-A4AC-BC67D4E3D1FA} = {8D55F27C-5F8A-40BF-A4AC-BC67D4E3D1FA}
	EndProjectSection
EndProject
Project("{8BC9CEB8-8B4A-11D0-8D11-00A0C91BC942}") = "Simple", "Example\Simple\Simple.vcxproj", "{15379C75-DB54-41FC-89DC-D8712DE6BECB}"
EndProject
Project("{8BC9CEB8-8B4A-11D0-8D11-00A0C91BC942}") = "StaticLibrary1", "Example\StaticLibrary1\StaticLibrary1.vcxproj", "{726CBA86-E511-4233-9213-5D2621B67708}"
	ProjectSection(ProjectDependencies) = postProject
		{15379C75-DB54-41FC-89DC-D8712DE6BECB} = {15379C75-DB54-41FC-89DC-D8712DE6BECB}
	EndProjectSection
EndProject
Project("{2150E333-8FDC-42A3-9474-1A3956D46DE8}") = "Solution Items", "Solution Items", "{A6143626-BF88-4CF8-AF62-1C69DBAB098F}"
	ProjectSection(SolutionItems) = preProject
		ErrorGetRecipeFile.cmd = ErrorGetRecipeFile.cmd
		README.md = README.md
	EndProjectSection
EndProject
Global
	GlobalSection(SolutionConfigurationPlatforms) = preSolution
		Debug|ARM = Debug|ARM
		Debug|ARM64 = Debug|ARM64
		Debug|x64 = Debug|x64
		Debug|x86 = Debug|x86
		Release|ARM = Release|ARM
		Release|ARM64 = Release|ARM64
		Release|x64 = Release|x64
		Release|x86 = Release|x86
	EndGlobalSection
	GlobalSection(ProjectConfigurationPlatforms) = postSolution
		{8D55F27C-5F8A-40BF-A4AC-BC67D4E3D1FA}.Debug|ARM.ActiveCfg = Debug|ARM
		{8D55F27C-5F8A-40BF-A4AC-BC67D4E3D1FA}.Debug|ARM.Build.0 = Debug|ARM
		{8D55F27C-5F8A-40BF-A4AC-BC67D4E3D1FA}.Debug|ARM.Deploy.0 = Debug|ARM
		{8D55F27C-5F8A-40BF-A4AC-BC67D4E3D1FA}.Debug|ARM64.ActiveCfg = Debug|ARM64
		{8D55F27C-5F8A-40BF-A4AC-BC67D4E3D1FA}.Debug|ARM64.Build.0 = Debug|ARM64
		{8D55F27C-5F8A-40BF-A4AC-BC67D4E3D1FA}.Debug|ARM64.Deploy.0 = Debug|ARM64
		{8D55F27C-5F8A-40BF-A4AC-BC67D4E3D1FA}.Debug|x64.ActiveCfg = Debug|ARM64
		{8D55F27C-5F8A-40BF-A4AC-BC67D4E3D1FA}.Debug|x64.Build.0 = Debug|ARM64
		{8D55F27C-5F8A-40BF-A4AC-BC67D4E3D1FA}.Debug|x86.ActiveCfg = Debug|x86
		{8D55F27C-5F8A-40BF-A4AC-BC67D4E3D1FA}.Debug|x86.Build.0 = Debug|x86
		{8D55F27C-5F8A-40BF-A4AC-BC67D4E3D1FA}.Debug|x86.Deploy.0 = Debug|x86
		{8D55F27C-5F8A-40BF-A4AC-BC67D4E3D1FA}.Release|ARM.ActiveCfg = Release|ARM
		{8D55F27C-5F8A-40BF-A4AC-BC67D4E3D1FA}.Release|ARM.Build.0 = Release|ARM
		{8D55F27C-5F8A-40BF-A4AC-BC67D4E3D1FA}.Release|ARM.Deploy.0 = Release|ARM
		{8D55F27C-5F8A-40BF-A4AC-BC67D4E3D1FA}.Release|ARM64.ActiveCfg = Release|ARM64
		{8D55F27C-5F8A-40BF-A4AC-BC67D4E3D1FA}.Release|ARM64.Build.0 = Release|ARM64
		{8D55F27C-5F8A-40BF-A4AC-BC67D4E3D1FA}.Release|ARM64.Deploy.0 = Release|ARM64
		{8D55F27C-5F8A-40BF-A4AC-BC67D4E3D1FA}.Release|x64.ActiveCfg = Release|x64
		{8D55F27C-5F8A-40BF-A4AC-BC67D4E3D1FA}.Release|x64.Build.0 = Release|x64
		{8D55F27C-5F8A-40BF-A4AC-BC67D4E3D1FA}.Release|x64.Deploy.0 = Release|x64
		{8D55F27C-5F8A-40BF-A4AC-BC67D4E3D1FA}.Release|x86.ActiveCfg = Release|x86
		{8D55F27C-5F8A-40BF-A4AC-BC67D4E3D1FA}.Release|x86.Build.0 = Release|x86
		{8D55F27C-5F8A-40BF-A4AC-BC67D4E3D1FA}.Release|x86.Deploy.0 = Release|x86
		{59FE5D3E-FC4B-498A-BB13-F0FAFE91F626}.Debug|ARM.ActiveCfg = Debug|ARM
		{59FE5D3E-FC4B-498A-BB13-F0FAFE91F626}.Debug|ARM.Build.0 = Debug|ARM
		{59FE5D3E-FC4B-498A-BB13-F0FAFE91F626}.Debug|ARM64.ActiveCfg = Debug|ARM64
		{59FE5D3E-FC4B-498A-BB13-F0FAFE91F626}.Debug|ARM64.Build.0 = Debug|ARM64
		{59FE5D3E-FC4B-498A-BB13-F0FAFE91F626}.Debug|x64.ActiveCfg = Debug|ARM64
		{59FE5D3E-FC4B-498A-BB13-F0FAFE91F626}.Debug|x64.Build.0 = Debug|ARM64
		{59FE5D3E-FC4B-498A-BB13-F0FAFE91F626}.Debug|x86.ActiveCfg = Debug|x86
		{59FE5D3E-FC4B-498A-BB13-F0FAFE91F626}.Debug|x86.Build.0 = Debug|x86
		{59FE5D3E-FC4B-498A-BB13-F0FAFE91F626}.Release|ARM.ActiveCfg = Release|ARM
		{59FE5D3E-FC4B-498A-BB13-F0FAFE91F626}.Release|ARM.Build.0 = Release|ARM
		{59FE5D3E-FC4B-498A-BB13-F0FAFE91F626}.Release|ARM64.ActiveCfg = Release|ARM64
		{59FE5D3E-FC4B-498A-BB13-F0FAFE91F626}.Release|ARM64.Build.0 = Release|ARM64
		{59FE5D3E-FC4B-498A-BB13-F0FAFE91F626}.Release|x64.ActiveCfg = Release|x64
		{59FE5D3E-FC4B-498A-BB13-F0FAFE91F626}.Release|x64.Build.0 = Release|x64
		{59FE5D3E-FC4B-498A-BB13-F0FAFE91F626}.Release|x86.ActiveCfg = Release|x86
		{59FE5D3E-FC4B-498A-BB13-F0FAFE91F626}.Release|x86.Build.0 = Release|x86
		{7B1BFF19-5CE5-42A7-8BE6-B241BE9B152E}.Debug|ARM.ActiveCfg = Debug|Win32
		{7B1BFF19-5CE5-42A7-8BE6-B241BE9B152E}.Debug|ARM64.ActiveCfg = Debug|Win32
		{7B1BFF19-5CE5-42A7-8BE6-B241BE9B152E}.Debug|x64.ActiveCfg = Debug|x64
		{7B1BFF19-5CE5-42A7-8BE6-B241BE9B152E}.Debug|x64.Build.0 = Debug|x64
		{7B1BFF19-5CE5-42A7-8BE6-B241BE9B152E}.Debug|x86.ActiveCfg = Debug|Win32
		{7B1BFF19-5CE5-42A7-8BE6-B241BE9B152E}.Debug|x86.Build.0 = Debug|Win32
		{7B1BFF19-5CE5-42A7-8BE6-B241BE9B152E}.Release|ARM.ActiveCfg = Release|Win32
		{7B1BFF19-5CE5-42A7-8BE6-B241BE9B152E}.Release|ARM64.ActiveCfg = Release|Win32
		{7B1BFF19-5CE5-42A7-8BE6-B241BE9B152E}.Release|x64.ActiveCfg = Release|x64
		{7B1BFF19-5CE5-42A7-8BE6-B241BE9B152E}.Release|x64.Build.0 = Release|x64
		{7B1BFF19-5CE5-42A7-8BE6-B241BE9B152E}.Release|x86.ActiveCfg = Release|Win32
		{7B1BFF19-5CE5-42A7-8BE6-B241BE9B152E}.Release|x86.Build.0 = Release|Win32
		{15379C75-DB54-41FC-89DC-D8712DE6BECB}.Debug|ARM.ActiveCfg = Debug|Win32
		{15379C75-DB54-41FC-89DC-D8712DE6BECB}.Debug|ARM64.ActiveCfg = Debug|Win32
		{15379C75-DB54-41FC-89DC-D8712DE6BECB}.Debug|x64.ActiveCfg = Debug|x64
		{15379C75-DB54-41FC-89DC-D8712DE6BECB}.Debug|x64.Build.0 = Debug|x64
		{15379C75-DB54-41FC-89DC-D8712DE6BECB}.Debug|x86.ActiveCfg = Debug|Win32
		{15379C75-DB54-41FC-89DC-D8712DE6BECB}.Debug|x86.Build.0 = Debug|Win32
		{15379C75-DB54-41FC-89DC-D8712DE6BECB}.Release|ARM.ActiveCfg = Release|Win32
		{15379C75-DB54-41FC-89DC-D8712DE6BECB}.Release|ARM64.ActiveCfg = Release|Win32
		{15379C75-DB54-41FC-89DC-D8712DE6BECB}.Release|x64.ActiveCfg = Release|x64
		{15379C75-DB54-41FC-89DC-D8712DE6BECB}.Release|x64.Build.0 = Release|x64
		{15379C75-DB54-41FC-89DC-D8712DE6BECB}.Release|x86.ActiveCfg = Release|Win32
		{15379C75-DB54-41FC-89DC-D8712DE6BECB}.Release|x86.Build.0 = Release|Win32
		{726CBA86-E511-4233-9213-5D2621B67708}.Debug|ARM.ActiveCfg = Debug|ARM
		{726CBA86-E511-4233-9213-5D2621B67708}.Debug|ARM.Build.0 = Debug|ARM
		{726CBA86-E511-4233-9213-5D2621B67708}.Debug|ARM64.ActiveCfg = Debug|ARM64
		{726CBA86-E511-4233-9213-5D2621B67708}.Debug|ARM64.Build.0 = Debug|ARM64
		{726CBA86-E511-4233-9213-5D2621B67708}.Debug|x64.ActiveCfg = Debug|x64
		{726CBA86-E511-4233-9213-5D2621B67708}.Debug|x64.Build.0 = Debug|x64
		{726CBA86-E511-4233-9213-5D2621B67708}.Debug|x86.ActiveCfg = Debug|x86
		{726CBA86-E511-4233-9213-5D2621B67708}.Debug|x86.Build.0 = Debug|x86
		{726CBA86-E511-4233-9213-5D2621B67708}.Release|ARM.ActiveCfg = Release|ARM
		{726CBA86-E511-4233-9213-5D2621B67708}.Release|ARM.Build.0 = Release|ARM
		{726CBA86-E511-4233-9213-5D2621B67708}.Release|ARM64.ActiveCfg = Release|ARM64
		{726CBA86-E511-4233-9213-5D2621B67708}.Release|ARM64.Build.0 = Release|ARM64
		{726CBA86-E511-4233-9213-5D2621B67708}.Release|x64.ActiveCfg = Release|x64
		{726CBA86-E511-4233-9213-5D2621B67708}.Release|x64.Build.0 = Release|x64
		{726CBA86-E511-4233-9213-5D2621B67708}.Release|x86.ActiveCfg = Release|x86
		{726CBA86-E511-4233-9213-5D2621B67708}.Release|x86.Build.0 = Release|x86
	EndGlobalSection
	GlobalSection(SolutionProperties) = preSolution
		HideSolutionNode = FALSE
	EndGlobalSection
	GlobalSection(NestedProjects) = preSolution
		{8D55F27C-5F8A-40BF-A4AC-BC67D4E3D1FA} = {488FC045-3CD9-4495-8280-7BB7539E7A21}
		{59FE5D3E-FC4B-498A-BB13-F0FAFE91F626} = {488FC045-3CD9-4495-8280-7BB7539E7A21}
		{15379C75-DB54-41FC-89DC-D8712DE6BECB} = {488FC045-3CD9-4495-8280-7BB7539E7A21}
		{726CBA86-E511-4233-9213-5D2621B67708} = {488FC045-3CD9-4495-8280-7BB7539E7A21}
	EndGlobalSection
	GlobalSection(ExtensibilityGlobals) = postSolution
		SolutionGuid = {42232AC5-FD30-4B60-85B1-7679B8A1B2FC}
	EndGlobalSection
EndGlobal
